("quicklisp" .
 (:class qlot/source/dist:source-dist
  :initargs (:distribution "https://beta.quicklisp.org/dist/quicklisp.txt" :%version :latest)
  :version "2026-01-01"))
("cl-scope-resolver" .
 (:class qlot/source/local:source-local
  :initargs (:path "/home/tramfjord/projects/cl-scope-resolver/")))
("eclector" .
 (:class qlot/source/ql:source-ql
  :initargs (:%version :latest)
  :version "ql-2026-01-01"))
("hu.dwim.walker" .
 (:class qlot/source/ql:source-ql
  :initargs (:%version :latest)
  :version "ql-2026-01-01"))
("fiveam" .
 (:class qlot/source/ql:source-ql
  :initargs (:%version :latest)
  :version "ql-2024-10-12"))
("jsonrpc" .
 (:class qlot/source/ql:source-ql
  :initargs (:%version :latest)
  :version "ql-2026-01-01"))
("slime" .
 (:class qlot/source/ql:source-ql
  :initargs (:%version :latest)
  :version "ql-2026-01-01"))
("cl+ssl" .
 (:class qlot/source/ql:source-ql
  :initargs (:%version :latest)
  :version "ql-2026-01-01"))
("cffi" .
 (:class qlot/source/ql:source-ql
  :initargs (:%version :latest)
  :version "ql-2026-01-01"))
("fast-io" .
 (:class qlot/source/ql:source-ql
  :initargs (:%version :latest)
  :version "ql-2022-11-06"))
("flexi-streams" .
 (:class qlot/source/ql:source-ql
  :initargs (:%version :latest)
  :version "ql-2024-10-12"))
("static-vectors" .
 (:class qlot/source/ql:source-ql
  :initargs (:%version :latest)
  :version "ql-2024-10-12"))
("chunga" .
 (:class qlot/source/ql:source-ql
  :initargs (:%version :latest)
  :version "ql-2026-01-01"))
("chipz" .
 (:class qlot/source/ql:source-ql
  :initargs (:%version :latest)
  :version "ql-2023-06-18"))
("cl-base64" .
 (:class qlot/source/ql:source-ql
  :initargs (:%version :latest)
  :version "ql-2020-10-16"))
("md5" .
 (:class qlot/source/ql:source-ql
  :initargs (:%version :latest)
  :version "ql-2021-06-30"))
("ironclad" .
 (:class qlot/source/ql:source-ql
  :initargs (:%version :latest)
  :version "ql-2024-10-12"))
("nibbles" .
 (:class qlot/source/ql:source-ql
  :initargs (:%version :latest)
  :version "ql-2025-06-22"))
("cl-ppcre" .
 (:class qlot/source/ql:source-ql
  :initargs (:%version :latest)
  :version "ql-2025-06-22"))
("trivial-utf-8" .
 (:class qlot/source/ql:source-ql
  :initargs (:%version :latest)
  :version "ql-2025-06-22"))
("trivial-rfc-1123" .
 (:class qlot/source/ql:source-ql
  :initargs (:%version :latest)
  :version "ql-2022-07-07"))
("puri" .
 (:class qlot/source/ql:source-ql
  :initargs (:%version :latest)
  :version "ql-2020-10-16"))
("smart-buffer" .
 (:class qlot/source/ql:source-ql
  :initargs (:%version :latest)
  :version "ql-2021-10-20"))
("xsubseq" .
 (:class qlot/source/ql:source-ql
  :initargs (:%version :latest)
  :version "ql-2017-08-30"))
("fast-http" .
 (:class qlot/source/ql:source-ql
  :initargs (:%version :latest)
  :version "ql-2024-10-12"))
("http-body" .
 (:class qlot/source/ql:source-ql
  :initargs (:%version :latest)
  :version "ql-2025-06-22"))
("proc-parse" .
 (:class qlot/source/ql:source-ql
  :initargs (:%version :latest)
  :version "ql-2019-08-13"))
("cl-utilities" .
 (:class qlot/source/ql:source-ql
  :initargs (:%version :latest)
  :version "ql-2010-10-06"))
("websocket-driver" .
 (:class qlot/source/ql:source-ql
  :initargs (:%version :latest)
  :version "ql-2026-01-01"))
("fast-websocket" .
 (:class qlot/source/ql:source-ql
  :initargs (:%version :latest)
  :version "ql-2024-10-12"))
("event-emitter" .
 (:class qlot/source/ql:source-ql
  :initargs (:%version :latest)
  :version "ql-2024-10-12"))
("clack" .
 (:class qlot/source/ql:source-ql
  :initargs (:%version :latest)
  :version "ql-2025-06-22"))
("lack" .
 (:class qlot/source/ql:source-ql
  :initargs (:%version :latest)
  :version "ql-2026-01-01"))
("drakma" .
 (:class qlot/source/ql:source-ql
  :initargs (:%version :latest)
  :version "ql-2023-10-21"))
("mgl-pax" .
 (:class qlot/source/ql:source-ql
  :initargs (:%version :latest)
  :version "ql-2026-01-01"))
("closer-mop" .
 (:class qlot/source/ql:source-ql
  :initargs (:%version :latest)
  :version "ql-2026-01-01"))
("concrete-syntax-tree" .
 (:class qlot/source/ql:source-ql
  :initargs (:%version :latest)
  :version "ql-2026-01-01"))
("acclimation" .
 (:class qlot/source/ql:source-ql
  :initargs (:%version :latest)
  :version "ql-2024-10-12"))
("hu.dwim.asdf" .
 (:class qlot/source/ql:source-ql
  :initargs (:%version :latest)
  :version "ql-2026-01-01"))
("hu.dwim.def" .
 (:class qlot/source/ql:source-ql
  :initargs (:%version :latest)
  :version "ql-2026-01-01"))
("hu.dwim.common" .
 (:class qlot/source/ql:source-ql
  :initargs (:%version :latest)
  :version "ql-2026-01-01"))
("hu.dwim.util" .
 (:class qlot/source/ql:source-ql
  :initargs (:%version :latest)
  :version "ql-2026-01-01"))
("anaphora" .
 (:class qlot/source/ql:source-ql
  :initargs (:%version :latest)
  :version "ql-2022-02-20"))
("iterate" .
 (:class qlot/source/ql:source-ql
  :initargs (:%version :latest)
  :version "ql-2026-01-01"))
("metabang-bind" .
 (:class qlot/source/ql:source-ql
  :initargs (:%version :latest)
  :version "ql-2023-06-18"))
("contextl" .
 (:class qlot/source/ql:source-ql
  :initargs (:%version :latest)
  :version "ql-2024-10-12"))
("lparallel" .
 (:class qlot/source/ql:source-ql
  :initargs (:%version :latest)
  :version "ql-2016-08-25"))
("cl-syntax" .
 (:class qlot/source/ql:source-ql
  :initargs (:%version :latest)
  :version "ql-2015-04-07"))
("named-readtables" .
 (:class qlot/source/ql:source-ql
  :initargs (:%version :latest)
  :version "ql-2026-01-01"))
